
Microsoft Visual Studio Solution File, Format Version 12.00
# Visual Studio 14
VisualStudioVersion = 14.0.25420.1
MinimumVisualStudioVersion = 10.0.40219.1
Project("{FAE04EC0-301F-11D3-BF4B-00C04F79EFBC}") = "Garage2.0", "Garage2.0\Garage2.0.csproj", "{81B46026-1910-431D-923C-89F1DB9AAA3D}"
EndProject
Project("{2150E333-8FDC-42A3-9474-1A3956D46DE8}") = "Test Projects", "Test Projects", "{8A22DACD-6A7C-4CFC-8887-2EB9ED415526}"
EndProject
Project("{FAE04EC0-301F-11D3-BF4B-00C04F79EFBC}") = "GarageTests", "VehiclesControllerTests\GarageTests.csproj", "{47EE481B-32D9-4CD2-AD29-8BD930AFEC1D}"
EndProject
Global
	GlobalSection(SolutionConfigurationPlatforms) = preSolution
		Debug|Any CPU = Debug|Any CPU
		Release|Any CPU = Release|Any CPU
	EndGlobalSection
	GlobalSection(ProjectConfigurationPlatforms) = postSolution
		{81B46026-1910-431D-923C-89F1DB9AAA3D}.Debug|Any CPU.ActiveCfg = Debug|Any CPU
		{81B46026-1910-431D-923C-89F1DB9AAA3D}.Debug|Any CPU.Build.0 = Debug|Any CPU
		{81B46026-1910-431D-923C-89F1DB9AAA3D}.Release|Any CPU.ActiveCfg = Release|Any CPU
		{81B46026-1910-431D-923C-89F1DB9AAA3D}.Release|Any CPU.Build.0 = Release|Any CPU
		{47EE481B-32D9-4CD2-AD29-8BD930AFEC1D}.Debug|Any CPU.ActiveCfg = Debug|Any CPU
		{47EE481B-32D9-4CD2-AD29-8BD930AFEC1D}.Debug|Any CPU.Build.0 = Debug|Any CPU
		{47EE481B-32D9-4CD2-AD29-8BD930AFEC1D}.Release|Any CPU.ActiveCfg = Release|Any CPU
		{47EE481B-32D9-4CD2-AD29-8BD930AFEC1D}.Release|Any CPU.Build.0 = Release|Any CPU
	EndGlobalSection
	GlobalSection(SolutionProperties) = preSolution
		HideSolutionNode = FALSE
	EndGlobalSection
	GlobalSection(NestedProjects) = preSolution
		{47EE481B-32D9-4CD2-AD29-8BD930AFEC1D} = {8A22DACD-6A7C-4CFC-8887-2EB9ED415526}
	EndGlobalSection
EndGlobal
